// !$*UTF8*$!
{
	archiveVersion = 1;
	classes = {
	};
	objectVersion = 56;
	objects = {

/* Begin PBXBuildFile section */
		BE29CB862BA0B48700BA4C7E /* TabBarController.swift in Sources */ = {isa = PBXBuildFile; fileRef = BE29CB852BA0B48700BA4C7E /* TabBarController.swift */; };
		BE29CB882BA0C1E000BA4C7E /* StatisticViewController.swift in Sources */ = {isa = PBXBuildFile; fileRef = BE29CB872BA0C1E000BA4C7E /* StatisticViewController.swift */; };
		BE29CB8A2BA0C25500BA4C7E /* TrackersViewController.swift in Sources */ = {isa = PBXBuildFile; fileRef = BE29CB892BA0C25500BA4C7E /* TrackersViewController.swift */; };
		BE29CB8C2BA4516800BA4C7E /* TrackerCell.swift in Sources */ = {isa = PBXBuildFile; fileRef = BE29CB8B2BA4516800BA4C7E /* TrackerCell.swift */; };
		BE64E3612BC4008F001AE582 /* EmojiMixCollectionViewCell.swift in Sources */ = {isa = PBXBuildFile; fileRef = BE64E3602BC4008F001AE582 /* EmojiMixCollectionViewCell.swift */; };
		BE64E3632BC4015A001AE582 /* EmojiMixesViewController.swift in Sources */ = {isa = PBXBuildFile; fileRef = BE64E3622BC4015A001AE582 /* EmojiMixesViewController.swift */; };
		BE64E3652BC43366001AE582 /* ColorCollectionViewController.swift in Sources */ = {isa = PBXBuildFile; fileRef = BE64E3642BC43366001AE582 /* ColorCollectionViewController.swift */; };
		BE64E3692BC48BA5001AE582 /* ColorCollectionViewCell.swift in Sources */ = {isa = PBXBuildFile; fileRef = BE64E3682BC48BA5001AE582 /* ColorCollectionViewCell.swift */; };
		BE64E36B2BC51A99001AE582 /* DaysValueTransformer.swift in Sources */ = {isa = PBXBuildFile; fileRef = BE64E36A2BC51A99001AE582 /* DaysValueTransformer.swift */; };
		BE64E3902BC5FEF9001AE582 /* UIColorMarshalling.swift in Sources */ = {isa = PBXBuildFile; fileRef = BE64E38F2BC5FEF9001AE582 /* UIColorMarshalling.swift */; };
		BE64E3922BC9388C001AE582 /* ChoiceTrackerViewController.swift in Sources */ = {isa = PBXBuildFile; fileRef = BE64E3912BC9388C001AE582 /* ChoiceTrackerViewController.swift */; };
		BE75C9972BAC4197000506D3 /* Tracker.swift in Sources */ = {isa = PBXBuildFile; fileRef = BE75C9962BAC4197000506D3 /* Tracker.swift */; };
		BE75C9992BAC41AF000506D3 /* TrackerCategory.swift in Sources */ = {isa = PBXBuildFile; fileRef = BE75C9982BAC41AF000506D3 /* TrackerCategory.swift */; };
		BE75C99B2BAC41BB000506D3 /* TrackerRecord.swift in Sources */ = {isa = PBXBuildFile; fileRef = BE75C99A2BAC41BB000506D3 /* TrackerRecord.swift */; };
		BE75C9A02BB0E1B1000506D3 /* WeekDay.swift in Sources */ = {isa = PBXBuildFile; fileRef = BE75C99F2BB0E1B1000506D3 /* WeekDay.swift */; };
		BE75C9A22BB15289000506D3 /* GeometricParams.swift in Sources */ = {isa = PBXBuildFile; fileRef = BE75C9A12BB15289000506D3 /* GeometricParams.swift */; };
		BE75C9A42BB1C005000506D3 /* StubData.swift in Sources */ = {isa = PBXBuildFile; fileRef = BE75C9A32BB1C005000506D3 /* StubData.swift */; };
		BE75C9A62BB1C54B000506D3 /* SupplementaryView.swift in Sources */ = {isa = PBXBuildFile; fileRef = BE75C9A52BB1C54B000506D3 /* SupplementaryView.swift */; };
		BE7F96D22B987C760073F9FC /* AppDelegate.swift in Sources */ = {isa = PBXBuildFile; fileRef = BE7F96D12B987C760073F9FC /* AppDelegate.swift */; };
		BE7F96D42B987C760073F9FC /* SceneDelegate.swift in Sources */ = {isa = PBXBuildFile; fileRef = BE7F96D32B987C760073F9FC /* SceneDelegate.swift */; };
		BE7F96DB2B987C770073F9FC /* Assets.xcassets in Resources */ = {isa = PBXBuildFile; fileRef = BE7F96DA2B987C770073F9FC /* Assets.xcassets */; };
		BE7F96DE2B987C770073F9FC /* LaunchScreen.storyboard in Resources */ = {isa = PBXBuildFile; fileRef = BE7F96DC2B987C770073F9FC /* LaunchScreen.storyboard */; };
		BE9CF5B42BB55B3800D2DE8D /* AddTrackerViewController.swift in Sources */ = {isa = PBXBuildFile; fileRef = BE9CF5B32BB55B3800D2DE8D /* AddTrackerViewController.swift */; };
		BE9CF5B72BB577C800D2DE8D /* ScheduleViewController.swift in Sources */ = {isa = PBXBuildFile; fileRef = BE9CF5B62BB577C800D2DE8D /* ScheduleViewController.swift */; };
		BE9CF5B92BB5783C00D2DE8D /* CategoryViewController.swift in Sources */ = {isa = PBXBuildFile; fileRef = BE9CF5B82BB5783C00D2DE8D /* CategoryViewController.swift */; };
		BE9CF5E12BBBDBD100D2DE8D /* Tracker.xcdatamodeld in Sources */ = {isa = PBXBuildFile; fileRef = BE9CF5DF2BBBDBD100D2DE8D /* Tracker.xcdatamodeld */; };
		BE9CF5FE2BC1456D00D2DE8D /* TrackerStore.swift in Sources */ = {isa = PBXBuildFile; fileRef = BE9CF5FD2BC1456D00D2DE8D /* TrackerStore.swift */; };
		BE9CF6002BC1458100D2DE8D /* TrackerCategoryStore.swift in Sources */ = {isa = PBXBuildFile; fileRef = BE9CF5FF2BC1458100D2DE8D /* TrackerCategoryStore.swift */; };
		BE9CF6022BC1458A00D2DE8D /* TrackerRecordStore.swift in Sources */ = {isa = PBXBuildFile; fileRef = BE9CF6012BC1458A00D2DE8D /* TrackerRecordStore.swift */; };
/* End PBXBuildFile section */

/* Begin PBXFileReference section */
		BE29CB852BA0B48700BA4C7E /* TabBarController.swift */ = {isa = PBXFileReference; lastKnownFileType = sourcecode.swift; path = TabBarController.swift; sourceTree = "<group>"; };
		BE29CB872BA0C1E000BA4C7E /* StatisticViewController.swift */ = {isa = PBXFileReference; lastKnownFileType = sourcecode.swift; path = StatisticViewController.swift; sourceTree = "<group>"; };
		BE29CB892BA0C25500BA4C7E /* TrackersViewController.swift */ = {isa = PBXFileReference; lastKnownFileType = sourcecode.swift; path = TrackersViewController.swift; sourceTree = "<group>"; };
		BE29CB8B2BA4516800BA4C7E /* TrackerCell.swift */ = {isa = PBXFileReference; lastKnownFileType = sourcecode.swift; path = TrackerCell.swift; sourceTree = "<group>"; };
		BE64E3602BC4008F001AE582 /* EmojiMixCollectionViewCell.swift */ = {isa = PBXFileReference; lastKnownFileType = sourcecode.swift; path = EmojiMixCollectionViewCell.swift; sourceTree = "<group>"; };
		BE64E3622BC4015A001AE582 /* EmojiMixesViewController.swift */ = {isa = PBXFileReference; lastKnownFileType = sourcecode.swift; path = EmojiMixesViewController.swift; sourceTree = "<group>"; };
		BE64E3642BC43366001AE582 /* ColorCollectionViewController.swift */ = {isa = PBXFileReference; lastKnownFileType = sourcecode.swift; path = ColorCollectionViewController.swift; sourceTree = "<group>"; };
		BE64E3682BC48BA5001AE582 /* ColorCollectionViewCell.swift */ = {isa = PBXFileReference; lastKnownFileType = sourcecode.swift; path = ColorCollectionViewCell.swift; sourceTree = "<group>"; };
		BE64E36A2BC51A99001AE582 /* DaysValueTransformer.swift */ = {isa = PBXFileReference; lastKnownFileType = sourcecode.swift; path = DaysValueTransformer.swift; sourceTree = "<group>"; };
		BE64E38F2BC5FEF9001AE582 /* UIColorMarshalling.swift */ = {isa = PBXFileReference; lastKnownFileType = sourcecode.swift; path = UIColorMarshalling.swift; sourceTree = "<group>"; };
		BE64E3912BC9388C001AE582 /* ChoiceTrackerViewController.swift */ = {isa = PBXFileReference; lastKnownFileType = sourcecode.swift; path = ChoiceTrackerViewController.swift; sourceTree = "<group>"; };
		BE75C9962BAC4197000506D3 /* Tracker.swift */ = {isa = PBXFileReference; lastKnownFileType = sourcecode.swift; path = Tracker.swift; sourceTree = "<group>"; };
		BE75C9982BAC41AF000506D3 /* TrackerCategory.swift */ = {isa = PBXFileReference; lastKnownFileType = sourcecode.swift; path = TrackerCategory.swift; sourceTree = "<group>"; };
		BE75C99A2BAC41BB000506D3 /* TrackerRecord.swift */ = {isa = PBXFileReference; lastKnownFileType = sourcecode.swift; path = TrackerRecord.swift; sourceTree = "<group>"; };
		BE75C99F2BB0E1B1000506D3 /* WeekDay.swift */ = {isa = PBXFileReference; lastKnownFileType = sourcecode.swift; path = WeekDay.swift; sourceTree = "<group>"; };
		BE75C9A12BB15289000506D3 /* GeometricParams.swift */ = {isa = PBXFileReference; lastKnownFileType = sourcecode.swift; path = GeometricParams.swift; sourceTree = "<group>"; };
		BE75C9A32BB1C005000506D3 /* StubData.swift */ = {isa = PBXFileReference; lastKnownFileType = sourcecode.swift; path = StubData.swift; sourceTree = "<group>"; };
		BE75C9A52BB1C54B000506D3 /* SupplementaryView.swift */ = {isa = PBXFileReference; lastKnownFileType = sourcecode.swift; path = SupplementaryView.swift; sourceTree = "<group>"; };
		BE7F96CE2B987C760073F9FC /* Tracker.app */ = {isa = PBXFileReference; explicitFileType = wrapper.application; includeInIndex = 0; path = Tracker.app; sourceTree = BUILT_PRODUCTS_DIR; };
		BE7F96D12B987C760073F9FC /* AppDelegate.swift */ = {isa = PBXFileReference; lastKnownFileType = sourcecode.swift; path = AppDelegate.swift; sourceTree = "<group>"; };
		BE7F96D32B987C760073F9FC /* SceneDelegate.swift */ = {isa = PBXFileReference; lastKnownFileType = sourcecode.swift; path = SceneDelegate.swift; sourceTree = "<group>"; };
		BE7F96DA2B987C770073F9FC /* Assets.xcassets */ = {isa = PBXFileReference; lastKnownFileType = folder.assetcatalog; path = Assets.xcassets; sourceTree = "<group>"; };
		BE7F96DD2B987C770073F9FC /* Base */ = {isa = PBXFileReference; lastKnownFileType = file.storyboard; name = Base; path = Base.lproj/LaunchScreen.storyboard; sourceTree = "<group>"; };
		BE7F96DF2B987C770073F9FC /* Info.plist */ = {isa = PBXFileReference; lastKnownFileType = text.plist.xml; path = Info.plist; sourceTree = "<group>"; };
		BE9CF5B32BB55B3800D2DE8D /* AddTrackerViewController.swift */ = {isa = PBXFileReference; lastKnownFileType = sourcecode.swift; path = AddTrackerViewController.swift; sourceTree = "<group>"; };
		BE9CF5B62BB577C800D2DE8D /* ScheduleViewController.swift */ = {isa = PBXFileReference; lastKnownFileType = sourcecode.swift; path = ScheduleViewController.swift; sourceTree = "<group>"; };
		BE9CF5B82BB5783C00D2DE8D /* CategoryViewController.swift */ = {isa = PBXFileReference; lastKnownFileType = sourcecode.swift; path = CategoryViewController.swift; sourceTree = "<group>"; };
		BE9CF5E02BBBDBD100D2DE8D /* Tracker.xcdatamodel */ = {isa = PBXFileReference; lastKnownFileType = wrapper.xcdatamodel; path = Tracker.xcdatamodel; sourceTree = "<group>"; };
		BE9CF5FD2BC1456D00D2DE8D /* TrackerStore.swift */ = {isa = PBXFileReference; lastKnownFileType = sourcecode.swift; path = TrackerStore.swift; sourceTree = "<group>"; };
		BE9CF5FF2BC1458100D2DE8D /* TrackerCategoryStore.swift */ = {isa = PBXFileReference; lastKnownFileType = sourcecode.swift; path = TrackerCategoryStore.swift; sourceTree = "<group>"; };
		BE9CF6012BC1458A00D2DE8D /* TrackerRecordStore.swift */ = {isa = PBXFileReference; lastKnownFileType = sourcecode.swift; path = TrackerRecordStore.swift; sourceTree = "<group>"; };
/* End PBXFileReference section */

/* Begin PBXFrameworksBuildPhase section */
		BE7F96CB2B987C760073F9FC /* Frameworks */ = {
			isa = PBXFrameworksBuildPhase;
			buildActionMask = 2147483647;
			files = (
			);
			runOnlyForDeploymentPostprocessing = 0;
		};
/* End PBXFrameworksBuildPhase section */

/* Begin PBXGroup section */
		BE75C99C2BB0BD52000506D3 /* Model */ = {
			isa = PBXGroup;
			children = (
				BE75C9962BAC4197000506D3 /* Tracker.swift */,
				BE75C99A2BAC41BB000506D3 /* TrackerRecord.swift */,
				BE75C9982BAC41AF000506D3 /* TrackerCategory.swift */,
				BE75C99F2BB0E1B1000506D3 /* WeekDay.swift */,
				BE75C9A12BB15289000506D3 /* GeometricParams.swift */,
			);
			path = Model;
			sourceTree = "<group>";
		};
		BE75C99D2BB0C35F000506D3 /* TrackerCollection */ = {
			isa = PBXGroup;
			children = (
				BE9CF5B52BB577AA00D2DE8D /* AddNewTracker */,
				BE29CB8B2BA4516800BA4C7E /* TrackerCell.swift */,
				BE29CB892BA0C25500BA4C7E /* TrackersViewController.swift */,
				BE75C9A52BB1C54B000506D3 /* SupplementaryView.swift */,
			);
			path = TrackerCollection;
			sourceTree = "<group>";
		};
		BE75C99E2BB0C380000506D3 /* Statictic */ = {
			isa = PBXGroup;
			children = (
				BE29CB872BA0C1E000BA4C7E /* StatisticViewController.swift */,
			);
			path = Statictic;
			sourceTree = "<group>";
		};
		BE7F96C52B987C760073F9FC = {
			isa = PBXGroup;
			children = (
				BE7F96D02B987C760073F9FC /* Tracker */,
				BE7F96CF2B987C760073F9FC /* Products */,
			);
			sourceTree = "<group>";
		};
		BE7F96CF2B987C760073F9FC /* Products */ = {
			isa = PBXGroup;
			children = (
				BE7F96CE2B987C760073F9FC /* Tracker.app */,
			);
			name = Products;
			sourceTree = "<group>";
		};
		BE7F96D02B987C760073F9FC /* Tracker */ = {
			isa = PBXGroup;
			children = (
				BE75C9A32BB1C005000506D3 /* StubData.swift */,
				BE9CF5FC2BC1453200D2DE8D /* UI */,
				BE9CF5FA2BC1450D00D2DE8D /* Domain */,
				BE75C99C2BB0BD52000506D3 /* Model */,
				BE9CF5FB2BC1452800D2DE8D /* CoreData */,
				BE7F96D12B987C760073F9FC /* AppDelegate.swift */,
				BE7F96D32B987C760073F9FC /* SceneDelegate.swift */,
				BE7F96DA2B987C770073F9FC /* Assets.xcassets */,
				BE7F96DC2B987C770073F9FC /* LaunchScreen.storyboard */,
				BE7F96DF2B987C770073F9FC /* Info.plist */,
			);
			path = Tracker;
			sourceTree = "<group>";
		};
		BE9CF5B52BB577AA00D2DE8D /* AddNewTracker */ = {
			isa = PBXGroup;
			children = (
				BE9CF5B32BB55B3800D2DE8D /* AddTrackerViewController.swift */,
				BE9CF5B62BB577C800D2DE8D /* ScheduleViewController.swift */,
				BE9CF5B82BB5783C00D2DE8D /* CategoryViewController.swift */,
				BE64E3602BC4008F001AE582 /* EmojiMixCollectionViewCell.swift */,
				BE64E3622BC4015A001AE582 /* EmojiMixesViewController.swift */,
				BE64E3642BC43366001AE582 /* ColorCollectionViewController.swift */,
				BE64E3682BC48BA5001AE582 /* ColorCollectionViewCell.swift */,
				BE64E3912BC9388C001AE582 /* ChoiceTrackerViewController.swift */,
			);
			path = AddNewTracker;
			sourceTree = "<group>";
		};
		BE9CF5FA2BC1450D00D2DE8D /* Domain */ = {
			isa = PBXGroup;
			children = (
				BE9CF5FD2BC1456D00D2DE8D /* TrackerStore.swift */,
				BE9CF5FF2BC1458100D2DE8D /* TrackerCategoryStore.swift */,
				BE9CF6012BC1458A00D2DE8D /* TrackerRecordStore.swift */,
				BE64E36A2BC51A99001AE582 /* DaysValueTransformer.swift */,
				BE64E38F2BC5FEF9001AE582 /* UIColorMarshalling.swift */,
			);
			path = Domain;
			sourceTree = "<group>";
		};
		BE9CF5FB2BC1452800D2DE8D /* CoreData */ = {
			isa = PBXGroup;
			children = (
				BE9CF5DF2BBBDBD100D2DE8D /* Tracker.xcdatamodeld */,
			);
			path = CoreData;
			sourceTree = "<group>";
		};
		BE9CF5FC2BC1453200D2DE8D /* UI */ = {
			isa = PBXGroup;
			children = (
				BE75C99D2BB0C35F000506D3 /* TrackerCollection */,
				BE75C99E2BB0C380000506D3 /* Statictic */,
				BE29CB852BA0B48700BA4C7E /* TabBarController.swift */,
			);
			path = UI;
			sourceTree = "<group>";
		};
/* End PBXGroup section */

/* Begin PBXNativeTarget section */
		BE7F96CD2B987C760073F9FC /* Tracker */ = {
			isa = PBXNativeTarget;
			buildConfigurationList = BE7F96E22B987C770073F9FC /* Build configuration list for PBXNativeTarget "Tracker" */;
			buildPhases = (
				BE7F96CA2B987C760073F9FC /* Sources */,
				BE7F96CB2B987C760073F9FC /* Frameworks */,
				BE7F96CC2B987C760073F9FC /* Resources */,
			);
			buildRules = (
			);
			dependencies = (
			);
			name = Tracker;
			productName = Tracker;
			productReference = BE7F96CE2B987C760073F9FC /* Tracker.app */;
			productType = "com.apple.product-type.application";
		};
/* End PBXNativeTarget section */

/* Begin PBXProject section */
		BE7F96C62B987C760073F9FC /* Project object */ = {
			isa = PBXProject;
			attributes = {
				BuildIndependentTargetsInParallel = 1;
				LastSwiftUpdateCheck = 1520;
				LastUpgradeCheck = 1520;
				TargetAttributes = {
					BE7F96CD2B987C760073F9FC = {
						CreatedOnToolsVersion = 15.2;
					};
				};
			};
			buildConfigurationList = BE7F96C92B987C760073F9FC /* Build configuration list for PBXProject "Tracker" */;
			compatibilityVersion = "Xcode 14.0";
			developmentRegion = en;
			hasScannedForEncodings = 0;
			knownRegions = (
				en,
				Base,
			);
			mainGroup = BE7F96C52B987C760073F9FC;
			productRefGroup = BE7F96CF2B987C760073F9FC /* Products */;
			projectDirPath = "";
			projectRoot = "";
			targets = (
				BE7F96CD2B987C760073F9FC /* Tracker */,
			);
		};
/* End PBXProject section */

/* Begin PBXResourcesBuildPhase section */
		BE7F96CC2B987C760073F9FC /* Resources */ = {
			isa = PBXResourcesBuildPhase;
			buildActionMask = 2147483647;
			files = (
				BE7F96DE2B987C770073F9FC /* LaunchScreen.storyboard in Resources */,
				BE7F96DB2B987C770073F9FC /* Assets.xcassets in Resources */,
			);
			runOnlyForDeploymentPostprocessing = 0;
		};
/* End PBXResourcesBuildPhase section */

/* Begin PBXSourcesBuildPhase section */
		BE7F96CA2B987C760073F9FC /* Sources */ = {
			isa = PBXSourcesBuildPhase;
			buildActionMask = 2147483647;
			files = (
				BE29CB8A2BA0C25500BA4C7E /* TrackersViewController.swift in Sources */,
				BE75C9A02BB0E1B1000506D3 /* WeekDay.swift in Sources */,
				BE9CF5FE2BC1456D00D2DE8D /* TrackerStore.swift in Sources */,
				BE29CB882BA0C1E000BA4C7E /* StatisticViewController.swift in Sources */,
				BE64E3692BC48BA5001AE582 /* ColorCollectionViewCell.swift in Sources */,
				BE9CF6002BC1458100D2DE8D /* TrackerCategoryStore.swift in Sources */,
				BE9CF6022BC1458A00D2DE8D /* TrackerRecordStore.swift in Sources */,
				BE75C9992BAC41AF000506D3 /* TrackerCategory.swift in Sources */,
				BE64E3922BC9388C001AE582 /* ChoiceTrackerViewController.swift in Sources */,
				BE9CF5B92BB5783C00D2DE8D /* CategoryViewController.swift in Sources */,
				BE9CF5B72BB577C800D2DE8D /* ScheduleViewController.swift in Sources */,
				BE75C9A22BB15289000506D3 /* GeometricParams.swift in Sources */,
				BE64E3632BC4015A001AE582 /* EmojiMixesViewController.swift in Sources */,
				BE75C9A42BB1C005000506D3 /* StubData.swift in Sources */,
				BE29CB862BA0B48700BA4C7E /* TabBarController.swift in Sources */,
				BE75C9A62BB1C54B000506D3 /* SupplementaryView.swift in Sources */,
				BE7F96D22B987C760073F9FC /* AppDelegate.swift in Sources */,
				BE64E3652BC43366001AE582 /* ColorCollectionViewController.swift in Sources */,
				BE75C99B2BAC41BB000506D3 /* TrackerRecord.swift in Sources */,
				BE29CB8C2BA4516800BA4C7E /* TrackerCell.swift in Sources */,
				BE9CF5E12BBBDBD100D2DE8D /* Tracker.xcdatamodeld in Sources */,
				BE64E3612BC4008F001AE582 /* EmojiMixCollectionViewCell.swift in Sources */,
				BE7F96D42B987C760073F9FC /* SceneDelegate.swift in Sources */,
				BE75C9972BAC4197000506D3 /* Tracker.swift in Sources */,
				BE64E36B2BC51A99001AE582 /* DaysValueTransformer.swift in Sources */,
				BE64E3902BC5FEF9001AE582 /* UIColorMarshalling.swift in Sources */,
				BE9CF5B42BB55B3800D2DE8D /* AddTrackerViewController.swift in Sources */,
			);
			runOnlyForDeploymentPostprocessing = 0;
		};
/* End PBXSourcesBuildPhase section */

/* Begin PBXVariantGroup section */
		BE7F96DC2B987C770073F9FC /* LaunchScreen.storyboard */ = {
			isa = PBXVariantGroup;
			children = (
				BE7F96DD2B987C770073F9FC /* Base */,
			);
			name = LaunchScreen.storyboard;
			sourceTree = "<group>";
		};
/* End PBXVariantGroup section */

/* Begin XCBuildConfiguration section */
		BE7F96E02B987C770073F9FC /* Debug */ = {
			isa = XCBuildConfiguration;
			buildSettings = {
				ALWAYS_SEARCH_USER_PATHS = NO;
				ASSETCATALOG_COMPILER_GENERATE_SWIFT_ASSET_SYMBOL_EXTENSIONS = YES;
				CLANG_ANALYZER_NONNULL = YES;
				CLANG_ANALYZER_NUMBER_OBJECT_CONVERSION = YES_AGGRESSIVE;
				CLANG_CXX_LANGUAGE_STANDARD = "gnu++20";
				CLANG_ENABLE_MODULES = YES;
				CLANG_ENABLE_OBJC_ARC = YES;
				CLANG_ENABLE_OBJC_WEAK = YES;
				CLANG_WARN_BLOCK_CAPTURE_AUTORELEASING = YES;
				CLANG_WARN_BOOL_CONVERSION = YES;
				CLANG_WARN_COMMA = YES;
				CLANG_WARN_CONSTANT_CONVERSION = YES;
				CLANG_WARN_DEPRECATED_OBJC_IMPLEMENTATIONS = YES;
				CLANG_WARN_DIRECT_OBJC_ISA_USAGE = YES_ERROR;
				CLANG_WARN_DOCUMENTATION_COMMENTS = YES;
				CLANG_WARN_EMPTY_BODY = YES;
				CLANG_WARN_ENUM_CONVERSION = YES;
				CLANG_WARN_INFINITE_RECURSION = YES;
				CLANG_WARN_INT_CONVERSION = YES;
				CLANG_WARN_NON_LITERAL_NULL_CONVERSION = YES;
				CLANG_WARN_OBJC_IMPLICIT_RETAIN_SELF = YES;
				CLANG_WARN_OBJC_LITERAL_CONVERSION = YES;
				CLANG_WARN_OBJC_ROOT_CLASS = YES_ERROR;
				CLANG_WARN_QUOTED_INCLUDE_IN_FRAMEWORK_HEADER = YES;
				CLANG_WARN_RANGE_LOOP_ANALYSIS = YES;
				CLANG_WARN_STRICT_PROTOTYPES = YES;
				CLANG_WARN_SUSPICIOUS_MOVE = YES;
				CLANG_WARN_UNGUARDED_AVAILABILITY = YES_AGGRESSIVE;
				CLANG_WARN_UNREACHABLE_CODE = YES;
				CLANG_WARN__DUPLICATE_METHOD_MATCH = YES;
				COPY_PHASE_STRIP = NO;
				DEBUG_INFORMATION_FORMAT = dwarf;
				ENABLE_STRICT_OBJC_MSGSEND = YES;
				ENABLE_TESTABILITY = YES;
				ENABLE_USER_SCRIPT_SANDBOXING = YES;
				GCC_C_LANGUAGE_STANDARD = gnu17;
				GCC_DYNAMIC_NO_PIC = NO;
				GCC_NO_COMMON_BLOCKS = YES;
				GCC_OPTIMIZATION_LEVEL = 0;
				GCC_PREPROCESSOR_DEFINITIONS = (
					"DEBUG=1",
					"$(inherited)",
				);
				GCC_WARN_64_TO_32_BIT_CONVERSION = YES;
				GCC_WARN_ABOUT_RETURN_TYPE = YES_ERROR;
				GCC_WARN_UNDECLARED_SELECTOR = YES;
				GCC_WARN_UNINITIALIZED_AUTOS = YES_AGGRESSIVE;
				GCC_WARN_UNUSED_FUNCTION = YES;
				GCC_WARN_UNUSED_VARIABLE = YES;
				IPHONEOS_DEPLOYMENT_TARGET = 17.2;
				LOCALIZATION_PREFERS_STRING_CATALOGS = YES;
				MTL_ENABLE_DEBUG_INFO = INCLUDE_SOURCE;
				MTL_FAST_MATH = YES;
				ONLY_ACTIVE_ARCH = YES;
				SDKROOT = iphoneos;
				SWIFT_ACTIVE_COMPILATION_CONDITIONS = "DEBUG $(inherited)";
				SWIFT_OPTIMIZATION_LEVEL = "-Onone";
			};
			name = Debug;
		};
		BE7F96E12B987C770073F9FC /* Release */ = {
			isa = XCBuildConfiguration;
			buildSettings = {
				ALWAYS_SEARCH_USER_PATHS = NO;
				ASSETCATALOG_COMPILER_GENERATE_SWIFT_ASSET_SYMBOL_EXTENSIONS = YES;
				CLANG_ANALYZER_NONNULL = YES;
				CLANG_ANALYZER_NUMBER_OBJECT_CONVERSION = YES_AGGRESSIVE;
				CLANG_CXX_LANGUAGE_STANDARD = "gnu++20";
				CLANG_ENABLE_MODULES = YES;
				CLANG_ENABLE_OBJC_ARC = YES;
				CLANG_ENABLE_OBJC_WEAK = YES;
				CLANG_WARN_BLOCK_CAPTURE_AUTORELEASING = YES;
				CLANG_WARN_BOOL_CONVERSION = YES;
				CLANG_WARN_COMMA = YES;
				CLANG_WARN_CONSTANT_CONVERSION = YES;
				CLANG_WARN_DEPRECATED_OBJC_IMPLEMENTATIONS = YES;
				CLANG_WARN_DIRECT_OBJC_ISA_USAGE = YES_ERROR;
				CLANG_WARN_DOCUMENTATION_COMMENTS = YES;
				CLANG_WARN_EMPTY_BODY = YES;
				CLANG_WARN_ENUM_CONVERSION = YES;
				CLANG_WARN_INFINITE_RECURSION = YES;
				CLANG_WARN_INT_CONVERSION = YES;
				CLANG_WARN_NON_LITERAL_NULL_CONVERSION = YES;
				CLANG_WARN_OBJC_IMPLICIT_RETAIN_SELF = YES;
				CLANG_WARN_OBJC_LITERAL_CONVERSION = YES;
				CLANG_WARN_OBJC_ROOT_CLASS = YES_ERROR;
				CLANG_WARN_QUOTED_INCLUDE_IN_FRAMEWORK_HEADER = YES;
				CLANG_WARN_RANGE_LOOP_ANALYSIS = YES;
				CLANG_WARN_STRICT_PROTOTYPES = YES;
				CLANG_WARN_SUSPICIOUS_MOVE = YES;
				CLANG_WARN_UNGUARDED_AVAILABILITY = YES_AGGRESSIVE;
				CLANG_WARN_UNREACHABLE_CODE = YES;
				CLANG_WARN__DUPLICATE_METHOD_MATCH = YES;
				COPY_PHASE_STRIP = NO;
				DEBUG_INFORMATION_FORMAT = "dwarf-with-dsym";
				ENABLE_NS_ASSERTIONS = NO;
				ENABLE_STRICT_OBJC_MSGSEND = YES;
				ENABLE_USER_SCRIPT_SANDBOXING = YES;
				GCC_C_LANGUAGE_STANDARD = gnu17;
				GCC_NO_COMMON_BLOCKS = YES;
				GCC_WARN_64_TO_32_BIT_CONVERSION = YES;
				GCC_WARN_ABOUT_RETURN_TYPE = YES_ERROR;
				GCC_WARN_UNDECLARED_SELECTOR = YES;
				GCC_WARN_UNINITIALIZED_AUTOS = YES_AGGRESSIVE;
				GCC_WARN_UNUSED_FUNCTION = YES;
				GCC_WARN_UNUSED_VARIABLE = YES;
				IPHONEOS_DEPLOYMENT_TARGET = 17.2;
				LOCALIZATION_PREFERS_STRING_CATALOGS = YES;
				MTL_ENABLE_DEBUG_INFO = NO;
				MTL_FAST_MATH = YES;
				SDKROOT = iphoneos;
				SWIFT_COMPILATION_MODE = wholemodule;
				VALIDATE_PRODUCT = YES;
			};
			name = Release;
		};
		BE7F96E32B987C770073F9FC /* Debug */ = {
			isa = XCBuildConfiguration;
			buildSettings = {
				ASSETCATALOG_COMPILER_APPICON_NAME = AppIcon;
				ASSETCATALOG_COMPILER_GLOBAL_ACCENT_COLOR_NAME = AccentColor;
				CODE_SIGN_STYLE = Automatic;
				CURRENT_PROJECT_VERSION = 1;
				DEVELOPMENT_TEAM = BSKM5XY794;
				GENERATE_INFOPLIST_FILE = YES;
				INFOPLIST_FILE = Tracker/Info.plist;
				INFOPLIST_KEY_UIApplicationSupportsIndirectInputEvents = YES;
				INFOPLIST_KEY_UILaunchStoryboardName = LaunchScreen;
				INFOPLIST_KEY_UISupportedInterfaceOrientations = UIInterfaceOrientationPortrait;
				INFOPLIST_KEY_UISupportedInterfaceOrientations_iPad = "UIInterfaceOrientationLandscapeLeft UIInterfaceOrientationLandscapeRight UIInterfaceOrientationPortrait UIInterfaceOrientationPortraitUpsideDown";
				IPHONEOS_DEPLOYMENT_TARGET = 13.4;
				LD_RUNPATH_SEARCH_PATHS = (
					"$(inherited)",
					"@executable_path/Frameworks",
				);
				MARKETING_VERSION = 1.0;
				PRODUCT_BUNDLE_IDENTIFIER = irinadeeva.Tracker;
				PRODUCT_NAME = "$(TARGET_NAME)";
				SUPPORTED_PLATFORMS = "iphoneos iphonesimulator";
				SUPPORTS_MACCATALYST = NO;
				SUPPORTS_MAC_DESIGNED_FOR_IPHONE_IPAD = NO;
				SUPPORTS_XR_DESIGNED_FOR_IPHONE_IPAD = NO;
				SWIFT_EMIT_LOC_STRINGS = YES;
				SWIFT_VERSION = 5.0;
				TARGETED_DEVICE_FAMILY = 1;
			};
			name = Debug;
		};
		BE7F96E42B987C770073F9FC /* Release */ = {
			isa = XCBuildConfiguration;
			buildSettings = {
				ASSETCATALOG_COMPILER_APPICON_NAME = AppIcon;
				ASSETCATALOG_COMPILER_GLOBAL_ACCENT_COLOR_NAME = AccentColor;
				CODE_SIGN_STYLE = Automatic;
				CURRENT_PROJECT_VERSION = 1;
				DEVELOPMENT_TEAM = BSKM5XY794;
				GENERATE_INFOPLIST_FILE = YES;
				INFOPLIST_FILE = Tracker/Info.plist;
				INFOPLIST_KEY_UIApplicationSupportsIndirectInputEvents = YES;
				INFOPLIST_KEY_UILaunchStoryboardName = LaunchScreen;
				INFOPLIST_KEY_UISupportedInterfaceOrientations = UIInterfaceOrientationPortrait;
				INFOPLIST_KEY_UISupportedInterfaceOrientations_iPad = "UIInterfaceOrientationLandscapeLeft UIInterfaceOrientationLandscapeRight UIInterfaceOrientationPortrait UIInterfaceOrientationPortraitUpsideDown";
				IPHONEOS_DEPLOYMENT_TARGET = 13.4;
				LD_RUNPATH_SEARCH_PATHS = (
					"$(inherited)",
					"@executable_path/Frameworks",
				);
				MARKETING_VERSION = 1.0;
				PRODUCT_BUNDLE_IDENTIFIER = irinadeeva.Tracker;
				PRODUCT_NAME = "$(TARGET_NAME)";
				SUPPORTED_PLATFORMS = "iphoneos iphonesimulator";
				SUPPORTS_MACCATALYST = NO;
				SUPPORTS_MAC_DESIGNED_FOR_IPHONE_IPAD = NO;
				SUPPORTS_XR_DESIGNED_FOR_IPHONE_IPAD = NO;
				SWIFT_EMIT_LOC_STRINGS = YES;
				SWIFT_VERSION = 5.0;
				TARGETED_DEVICE_FAMILY = 1;
			};
			name = Release;
		};
/* End XCBuildConfiguration section */

/* Begin XCConfigurationList section */
		BE7F96C92B987C760073F9FC /* Build configuration list for PBXProject "Tracker" */ = {
			isa = XCConfigurationList;
			buildConfigurations = (
				BE7F96E02B987C770073F9FC /* Debug */,
				BE7F96E12B987C770073F9FC /* Release */,
			);
			defaultConfigurationIsVisible = 0;
			defaultConfigurationName = Release;
		};
		BE7F96E22B987C770073F9FC /* Build configuration list for PBXNativeTarget "Tracker" */ = {
			isa = XCConfigurationList;
			buildConfigurations = (
				BE7F96E32B987C770073F9FC /* Debug */,
				BE7F96E42B987C770073F9FC /* Release */,
			);
			defaultConfigurationIsVisible = 0;
			defaultConfigurationName = Release;
		};
/* End XCConfigurationList section */

/* Begin XCVersionGroup section */
		BE9CF5DF2BBBDBD100D2DE8D /* Tracker.xcdatamodeld */ = {
			isa = XCVersionGroup;
			children = (
				BE9CF5E02BBBDBD100D2DE8D /* Tracker.xcdatamodel */,
			);
			currentVersion = BE9CF5E02BBBDBD100D2DE8D /* Tracker.xcdatamodel */;
			path = Tracker.xcdatamodeld;
			sourceTree = "<group>";
			versionGroupType = wrapper.xcdatamodel;
		};
/* End XCVersionGroup section */
	};
	rootObject = BE7F96C62B987C760073F9FC /* Project object */;
}
